
Microsoft Visual Studio Solution File, Format Version 12.00
# Visual Studio Version 17
VisualStudioVersion = 17.12.35527.113
MinimumVisualStudioVersion = 10.0.40219.1
Project("{2150E333-8FDC-42A3-9474-1A3956D46DE8}") = "src", "src", "{EB288642-6860-44A5-98E0-E72C9E115D10}"
EndProject
Project("{2150E333-8FDC-42A3-9474-1A3956D46DE8}") = "tests", "tests", "{D2D2916C-D45D-45E9-A022-9EB23596BA01}"
EndProject
Project("{FAE04EC0-301F-11D3-BF4B-00C04F79EFBC}") = "AutoFix.Api", "src\AutoFix.Api\AutoFix.Api.csproj", "{959633E7-7B02-48FA-AE9F-EF03E775E99F}"
EndProject
Project("{FAE04EC0-301F-11D3-BF4B-00C04F79EFBC}") = "AutoFix.Application", "src\AutoFix.Application\AutoFix.Application.csproj", "{7484EDC9-0C76-47D6-974E-BC517AB14CD6}"
EndProject
Project("{FAE04EC0-301F-11D3-BF4B-00C04F79EFBC}") = "AutoFix.Domain", "src\AutoFix.Domain\AutoFix.Domain.csproj", "{351AAEB3-AF66-4153-B9CE-D4A275081718}"
EndProject
Project("{FAE04EC0-301F-11D3-BF4B-00C04F79EFBC}") = "AutoFix.Infrastructure", "src\AutoFix.Infrastructure\AutoFix.Infrastructure.csproj", "{F15765C4-3DBA-4597-8537-D32D07F57C18}"
EndProject
Project("{FAE04EC0-301F-11D3-BF4B-00C04F79EFBC}") = "AutoFix.Contracts", "src\AutoFix.Contracts\AutoFix.Contracts.csproj", "{300F2BE6-6C64-4210-A6A2-CADE88A43E39}"
EndProject
Project("{FAE04EC0-301F-11D3-BF4B-00C04F79EFBC}") = "AutoFix.Tests.Common", "AutoFix.Tests\AutoFix.Tests.Common.csproj", "{C393C40A-95B5-4022-BB7C-D22DDCC996E2}"
EndProject
Project("{FAE04EC0-301F-11D3-BF4B-00C04F79EFBC}") = "AutoFix.Domain.UnitTests", "AutoFix.Domain.UnitTests\AutoFix.Domain.UnitTests.csproj", "{57A9F27E-8748-45DE-9998-808599D5B0D1}"
EndProject
Project("{FAE04EC0-301F-11D3-BF4B-00C04F79EFBC}") = "AutoFix.Application.UnitTests", "AutoFix.Application.UnitTests\AutoFix.Application.UnitTests.csproj", "{C1EACA87-CDC5-4AF6-9C97-007D09266576}"
EndProject
Project("{FAE04EC0-301F-11D3-BF4B-00C04F79EFBC}") = "AutoFix.Application.SubcutaneousTests", "AutoFix.Application.SubcutaneousTests\AutoFix.Application.SubcutaneousTests.csproj", "{AADF98AE-91F3-4382-ACB4-F21FB194F166}"
EndProject
Project("{FAE04EC0-301F-11D3-BF4B-00C04F79EFBC}") = "AutoFix.Api.IntegrationTests", "AutoFix.Api.IntegrationTests\AutoFix.Api.IntegrationTests.csproj", "{C20D7D9F-337A-40C4-AB51-002238C114FA}"
EndProject
Project("{2150E333-8FDC-42A3-9474-1A3956D46DE8}") = "Projektmappenelemente", "Projektmappenelemente", "{D77DCCA4-F2F2-4C93-A171-CB170280B5CC}"
	ProjectSection(SolutionItems) = preProject
		docker-copmpose.yml = docker-copmpose.yml
	EndProjectSection
EndProject
Global
	GlobalSection(SolutionConfigurationPlatforms) = preSolution
		Debug|Any CPU = Debug|Any CPU
		Release|Any CPU = Release|Any CPU
	EndGlobalSection
	GlobalSection(ProjectConfigurationPlatforms) = postSolution
		{959633E7-7B02-48FA-AE9F-EF03E775E99F}.Debug|Any CPU.ActiveCfg = Debug|Any CPU
		{959633E7-7B02-48FA-AE9F-EF03E775E99F}.Debug|Any CPU.Build.0 = Debug|Any CPU
		{959633E7-7B02-48FA-AE9F-EF03E775E99F}.Release|Any CPU.ActiveCfg = Release|Any CPU
		{959633E7-7B02-48FA-AE9F-EF03E775E99F}.Release|Any CPU.Build.0 = Release|Any CPU
		{7484EDC9-0C76-47D6-974E-BC517AB14CD6}.Debug|Any CPU.ActiveCfg = Debug|Any CPU
		{7484EDC9-0C76-47D6-974E-BC517AB14CD6}.Debug|Any CPU.Build.0 = Debug|Any CPU
		{7484EDC9-0C76-47D6-974E-BC517AB14CD6}.Release|Any CPU.ActiveCfg = Release|Any CPU
		{7484EDC9-0C76-47D6-974E-BC517AB14CD6}.Release|Any CPU.Build.0 = Release|Any CPU
		{351AAEB3-AF66-4153-B9CE-D4A275081718}.Debug|Any CPU.ActiveCfg = Debug|Any CPU
		{351AAEB3-AF66-4153-B9CE-D4A275081718}.Debug|Any CPU.Build.0 = Debug|Any CPU
		{351AAEB3-AF66-4153-B9CE-D4A275081718}.Release|Any CPU.ActiveCfg = Release|Any CPU
		{351AAEB3-AF66-4153-B9CE-D4A275081718}.Release|Any CPU.Build.0 = Release|Any CPU
		{F15765C4-3DBA-4597-8537-D32D07F57C18}.Debug|Any CPU.ActiveCfg = Debug|Any CPU
		{F15765C4-3DBA-4597-8537-D32D07F57C18}.Debug|Any CPU.Build.0 = Debug|Any CPU
		{F15765C4-3DBA-4597-8537-D32D07F57C18}.Release|Any CPU.ActiveCfg = Release|Any CPU
		{F15765C4-3DBA-4597-8537-D32D07F57C18}.Release|Any CPU.Build.0 = Release|Any CPU
		{300F2BE6-6C64-4210-A6A2-CADE88A43E39}.Debug|Any CPU.ActiveCfg = Debug|Any CPU
		{300F2BE6-6C64-4210-A6A2-CADE88A43E39}.Debug|Any CPU.Build.0 = Debug|Any CPU
		{300F2BE6-6C64-4210-A6A2-CADE88A43E39}.Release|Any CPU.ActiveCfg = Release|Any CPU
		{300F2BE6-6C64-4210-A6A2-CADE88A43E39}.Release|Any CPU.Build.0 = Release|Any CPU
		{C393C40A-95B5-4022-BB7C-D22DDCC996E2}.Debug|Any CPU.ActiveCfg = Debug|Any CPU
		{C393C40A-95B5-4022-BB7C-D22DDCC996E2}.Debug|Any CPU.Build.0 = Debug|Any CPU
		{C393C40A-95B5-4022-BB7C-D22DDCC996E2}.Release|Any CPU.ActiveCfg = Release|Any CPU
		{C393C40A-95B5-4022-BB7C-D22DDCC996E2}.Release|Any CPU.Build.0 = Release|Any CPU
		{57A9F27E-8748-45DE-9998-808599D5B0D1}.Debug|Any CPU.ActiveCfg = Debug|Any CPU
		{57A9F27E-8748-45DE-9998-808599D5B0D1}.Debug|Any CPU.Build.0 = Debug|Any CPU
		{57A9F27E-8748-45DE-9998-808599D5B0D1}.Release|Any CPU.ActiveCfg = Release|Any CPU
		{57A9F27E-8748-45DE-9998-808599D5B0D1}.Release|Any CPU.Build.0 = Release|Any CPU
		{C1EACA87-CDC5-4AF6-9C97-007D09266576}.Debug|Any CPU.ActiveCfg = Debug|Any CPU
		{C1EACA87-CDC5-4AF6-9C97-007D09266576}.Debug|Any CPU.Build.0 = Debug|Any CPU
		{C1EACA87-CDC5-4AF6-9C97-007D09266576}.Release|Any CPU.ActiveCfg = Release|Any CPU
		{C1EACA87-CDC5-4AF6-9C97-007D09266576}.Release|Any CPU.Build.0 = Release|Any CPU
		{AADF98AE-91F3-4382-ACB4-F21FB194F166}.Debug|Any CPU.ActiveCfg = Debug|Any CPU
		{AADF98AE-91F3-4382-ACB4-F21FB194F166}.Debug|Any CPU.Build.0 = Debug|Any CPU
		{AADF98AE-91F3-4382-ACB4-F21FB194F166}.Release|Any CPU.ActiveCfg = Release|Any CPU
		{AADF98AE-91F3-4382-ACB4-F21FB194F166}.Release|Any CPU.Build.0 = Release|Any CPU
		{C20D7D9F-337A-40C4-AB51-002238C114FA}.Debug|Any CPU.ActiveCfg = Debug|Any CPU
		{C20D7D9F-337A-40C4-AB51-002238C114FA}.Debug|Any CPU.Build.0 = Debug|Any CPU
		{C20D7D9F-337A-40C4-AB51-002238C114FA}.Release|Any CPU.ActiveCfg = Release|Any CPU
		{C20D7D9F-337A-40C4-AB51-002238C114FA}.Release|Any CPU.Build.0 = Release|Any CPU
	EndGlobalSection
	GlobalSection(SolutionProperties) = preSolution
		HideSolutionNode = FALSE
	EndGlobalSection
	GlobalSection(NestedProjects) = preSolution
		{959633E7-7B02-48FA-AE9F-EF03E775E99F} = {EB288642-6860-44A5-98E0-E72C9E115D10}
		{7484EDC9-0C76-47D6-974E-BC517AB14CD6} = {EB288642-6860-44A5-98E0-E72C9E115D10}
		{351AAEB3-AF66-4153-B9CE-D4A275081718} = {EB288642-6860-44A5-98E0-E72C9E115D10}
		{F15765C4-3DBA-4597-8537-D32D07F57C18} = {EB288642-6860-44A5-98E0-E72C9E115D10}
		{300F2BE6-6C64-4210-A6A2-CADE88A43E39} = {EB288642-6860-44A5-98E0-E72C9E115D10}
		{C393C40A-95B5-4022-BB7C-D22DDCC996E2} = {D2D2916C-D45D-45E9-A022-9EB23596BA01}
		{57A9F27E-8748-45DE-9998-808599D5B0D1} = {D2D2916C-D45D-45E9-A022-9EB23596BA01}
		{C1EACA87-CDC5-4AF6-9C97-007D09266576} = {D2D2916C-D45D-45E9-A022-9EB23596BA01}
		{AADF98AE-91F3-4382-ACB4-F21FB194F166} = {D2D2916C-D45D-45E9-A022-9EB23596BA01}
		{C20D7D9F-337A-40C4-AB51-002238C114FA} = {D2D2916C-D45D-45E9-A022-9EB23596BA01}
	EndGlobalSection
EndGlobal
